{
  "name": "pouchdb-csg",
  "version": "0.1.0",
  "lockfileVersion": 2,
  "requires": true,
  "packages": {
    "": {
      "name": "pouchdb-csg",
      "version": "0.1.0",
      "license": "Apache",
      "dependencies": {
        "argsarray": "^0.0.1"
      },
      "devDependencies": {}
    },
    "node_modules/argsarray": {
      "version": "0.0.1",
      "resolved": "https://registry.npmjs.org/argsarray/-/argsarray-0.0.1.tgz",
      "integrity": "sha512-u96dg2GcAKtpTrBdDoFIM7PjcBA+6rSP0OR94MOReNRyUECL6MtQt5XXmRr4qrftYaef9+l5hcpO5te7sML1Cg=="
    }
  },
  "dependencies": {
    "argsarray": {
      "version": "0.0.1",
      "resolved": "https://registry.npmjs.org/argsarray/-/argsarray-0.0.1.tgz",
      "integrity": "sha512-u96dg2GcAKtpTrBdDoFIM7PjcBA+6rSP0OR94MOReNRyUECL6MtQt5XXmRr4qrftYaef9+l5hcpO5te7sML1Cg=="
    }
  }
}
